
Microsoft Visual Studio Solution File, Format Version 12.00
# Visual Studio 2013
VisualStudioVersion = 12.0.31101.0
MinimumVisualStudioVersion = 10.0.40219.1
Project("{8BC9CEB8-8B4A-11D0-8D11-00A0C91BC942}") = "RevArray", "RevArray\RevArray.vcxproj", "{F3D6EEA9-5E1E-4718-9A5E-7F24AC3B1013}"
EndProject
Global
	GlobalSection(SolutionConfigurationPlatforms) = preSolution
		Debug|Win32 = Debug|Win32
		Release|Win32 = Release|Win32
	EndGlobalSection
	GlobalSection(ProjectConfigurationPlatforms) = postSolution
		{F3D6EEA9-5E1E-4718-9A5E-7F24AC3B1013}.Debug|Win32.ActiveCfg = Debug|Win32
		{F3D6EEA9-5E1E-4718-9A5E-7F24AC3B1013}.Debug|Win32.Build.0 = Debug|Win32
		{F3D6EEA9-5E1E-4718-9A5E-7F24AC3B1013}.Release|Win32.ActiveCfg = Release|Win32
		{F3D6EEA9-5E1E-4718-9A5E-7F24AC3B1013}.Release|Win32.Build.0 = Release|Win32
	EndGlobalSection
	GlobalSection(SolutionProperties) = preSolution
		HideSolutionNode = FALSE
	EndGlobalSection
EndGlobal
